
Microsoft Visual Studio Solution File, Format Version 12.00
# Visual Studio Version 17
VisualStudioVersion = 17.1.32210.238
MinimumVisualStudioVersion = 10.0.40219.1
Project("{FAE04EC0-301F-11D3-BF4B-00C04F79EFBC}") = "uc6", "uc6\uc6.csproj", "{69806460-5411-409D-95FE-F1F57CE9974B}"
EndProject
Global
	GlobalSection(SolutionConfigurationPlatforms) = preSolution
		Debug|Any CPU = Debug|Any CPU
		Release|Any CPU = Release|Any CPU
	EndGlobalSection
	GlobalSection(ProjectConfigurationPlatforms) = postSolution
		{69806460-5411-409D-95FE-F1F57CE9974B}.Debug|Any CPU.ActiveCfg = Debug|Any CPU
		{69806460-5411-409D-95FE-F1F57CE9974B}.Debug|Any CPU.Build.0 = Debug|Any CPU
		{69806460-5411-409D-95FE-F1F57CE9974B}.Release|Any CPU.ActiveCfg = Release|Any CPU
		{69806460-5411-409D-95FE-F1F57CE9974B}.Release|Any CPU.Build.0 = Release|Any CPU
	EndGlobalSection
	GlobalSection(SolutionProperties) = preSolution
		HideSolutionNode = FALSE
	EndGlobalSection
	GlobalSection(ExtensibilityGlobals) = postSolution
		SolutionGuid = {CB6426B7-1288-462F-ACA3-A15B1AB35416}
	EndGlobalSection
EndGlobal
